
Microsoft Visual Studio Solution File, Format Version 12.00
# Visual Studio 15
VisualStudioVersion = 15.0.27703.2042
MinimumVisualStudioVersion = 10.0.40219.1
Project("{FAE04EC0-301F-11D3-BF4B-00C04F79EFBC}") = "EduSearch-Information-System", "EduSearch-Information-System\EduSearch-Information-System.csproj", "{5F74EB88-70F9-4D02-A02C-D860A85CC133}"
EndProject
Global
	GlobalSection(SolutionConfigurationPlatforms) = preSolution
		Debug|Any CPU = Debug|Any CPU
		Release|Any CPU = Release|Any CPU
	EndGlobalSection
	GlobalSection(ProjectConfigurationPlatforms) = postSolution
		{5F74EB88-70F9-4D02-A02C-D860A85CC133}.Debug|Any CPU.ActiveCfg = Debug|Any CPU
		{5F74EB88-70F9-4D02-A02C-D860A85CC133}.Debug|Any CPU.Build.0 = Debug|Any CPU
		{5F74EB88-70F9-4D02-A02C-D860A85CC133}.Release|Any CPU.ActiveCfg = Release|Any CPU
		{5F74EB88-70F9-4D02-A02C-D860A85CC133}.Release|Any CPU.Build.0 = Release|Any CPU
	EndGlobalSection
	GlobalSection(SolutionProperties) = preSolution
		HideSolutionNode = FALSE
	EndGlobalSection
	GlobalSection(ExtensibilityGlobals) = postSolution
		SolutionGuid = {4A0C6A03-5B77-40EB-853A-EECE8BB9AFC6}
	EndGlobalSection
EndGlobal
